// !$*UTF8*$!
{
	archiveVersion = 1;
	classes = {
	};
	objectVersion = 50;
	objects = {

/* Begin PBXBuildFile section */
		AB1123C1237CA40C00D0B7EC /* AppDelegate.swift in Sources */ = {isa = PBXBuildFile; fileRef = AB1123C0237CA40C00D0B7EC /* AppDelegate.swift */; };
		AB1123C3237CA40C00D0B7EC /* SceneDelegate.swift in Sources */ = {isa = PBXBuildFile; fileRef = AB1123C2237CA40C00D0B7EC /* SceneDelegate.swift */; };
		AB1123C8237CA40C00D0B7EC /* Main.storyboard in Resources */ = {isa = PBXBuildFile; fileRef = AB1123C6237CA40C00D0B7EC /* Main.storyboard */; };
		AB1123CA237CA40E00D0B7EC /* Assets.xcassets in Resources */ = {isa = PBXBuildFile; fileRef = AB1123C9237CA40E00D0B7EC /* Assets.xcassets */; };
		AB1123CD237CA40E00D0B7EC /* LaunchScreen.storyboard in Resources */ = {isa = PBXBuildFile; fileRef = AB1123CB237CA40E00D0B7EC /* LaunchScreen.storyboard */; };
		AB1123DB237CA46500D0B7EC /* CoreDataStack.swift in Sources */ = {isa = PBXBuildFile; fileRef = AB1123DA237CA46500D0B7EC /* CoreDataStack.swift */; };
		AB1123DE237CA48D00D0B7EC /* Task.xcdatamodeld in Sources */ = {isa = PBXBuildFile; fileRef = AB1123DC237CA48D00D0B7EC /* Task.xcdatamodeld */; };
		AB1123E0237CA50800D0B7EC /* Task+Convenience.swift in Sources */ = {isa = PBXBuildFile; fileRef = AB1123DF237CA50800D0B7EC /* Task+Convenience.swift */; };
		AB1123E2237CA80400D0B7EC /* TaskListTableViewController.swift in Sources */ = {isa = PBXBuildFile; fileRef = AB1123E1237CA80400D0B7EC /* TaskListTableViewController.swift */; };
		AB1123E4237CA81000D0B7EC /* TaskDetailTableViewController.swift in Sources */ = {isa = PBXBuildFile; fileRef = AB1123E3237CA81000D0B7EC /* TaskDetailTableViewController.swift */; };
		AB1123E6237CA87800D0B7EC /* TaskController.swift in Sources */ = {isa = PBXBuildFile; fileRef = AB1123E5237CA87800D0B7EC /* TaskController.swift */; };
		AB1123E8237CC02A00D0B7EC /* DateHelpers.swift in Sources */ = {isa = PBXBuildFile; fileRef = AB1123E7237CC02A00D0B7EC /* DateHelpers.swift */; };
		AB1123EB237CCDB400D0B7EC /* ButtonTableViewCell.swift in Sources */ = {isa = PBXBuildFile; fileRef = AB1123EA237CCDB400D0B7EC /* ButtonTableViewCell.swift */; };
/* End PBXBuildFile section */

/* Begin PBXFileReference section */
		AB1123BD237CA40C00D0B7EC /* Task.app */ = {isa = PBXFileReference; explicitFileType = wrapper.application; includeInIndex = 0; path = Task.app; sourceTree = BUILT_PRODUCTS_DIR; };
		AB1123C0237CA40C00D0B7EC /* AppDelegate.swift */ = {isa = PBXFileReference; lastKnownFileType = sourcecode.swift; path = AppDelegate.swift; sourceTree = "<group>"; };
		AB1123C2237CA40C00D0B7EC /* SceneDelegate.swift */ = {isa = PBXFileReference; lastKnownFileType = sourcecode.swift; path = SceneDelegate.swift; sourceTree = "<group>"; };
		AB1123C7237CA40C00D0B7EC /* Base */ = {isa = PBXFileReference; lastKnownFileType = file.storyboard; name = Base; path = Base.lproj/Main.storyboard; sourceTree = "<group>"; };
		AB1123C9237CA40E00D0B7EC /* Assets.xcassets */ = {isa = PBXFileReference; lastKnownFileType = folder.assetcatalog; path = Assets.xcassets; sourceTree = "<group>"; };
		AB1123CC237CA40E00D0B7EC /* Base */ = {isa = PBXFileReference; lastKnownFileType = file.storyboard; name = Base; path = Base.lproj/LaunchScreen.storyboard; sourceTree = "<group>"; };
		AB1123CE237CA40E00D0B7EC /* Info.plist */ = {isa = PBXFileReference; lastKnownFileType = text.plist.xml; path = Info.plist; sourceTree = "<group>"; };
		AB1123DA237CA46500D0B7EC /* CoreDataStack.swift */ = {isa = PBXFileReference; lastKnownFileType = sourcecode.swift; path = CoreDataStack.swift; sourceTree = "<group>"; };
		AB1123DD237CA48D00D0B7EC /* Task.xcdatamodel */ = {isa = PBXFileReference; lastKnownFileType = wrapper.xcdatamodel; path = Task.xcdatamodel; sourceTree = "<group>"; };
		AB1123DF237CA50800D0B7EC /* Task+Convenience.swift */ = {isa = PBXFileReference; lastKnownFileType = sourcecode.swift; path = "Task+Convenience.swift"; sourceTree = "<group>"; };
		AB1123E1237CA80400D0B7EC /* TaskListTableViewController.swift */ = {isa = PBXFileReference; lastKnownFileType = sourcecode.swift; path = TaskListTableViewController.swift; sourceTree = "<group>"; };
		AB1123E3237CA81000D0B7EC /* TaskDetailTableViewController.swift */ = {isa = PBXFileReference; lastKnownFileType = sourcecode.swift; path = TaskDetailTableViewController.swift; sourceTree = "<group>"; };
		AB1123E5237CA87800D0B7EC /* TaskController.swift */ = {isa = PBXFileReference; lastKnownFileType = sourcecode.swift; path = TaskController.swift; sourceTree = "<group>"; };
		AB1123E7237CC02A00D0B7EC /* DateHelpers.swift */ = {isa = PBXFileReference; lastKnownFileType = sourcecode.swift; path = DateHelpers.swift; sourceTree = "<group>"; };
		AB1123EA237CCDB400D0B7EC /* ButtonTableViewCell.swift */ = {isa = PBXFileReference; lastKnownFileType = sourcecode.swift; path = ButtonTableViewCell.swift; sourceTree = "<group>"; };
/* End PBXFileReference section */

/* Begin PBXFrameworksBuildPhase section */
		AB1123BA237CA40C00D0B7EC /* Frameworks */ = {
			isa = PBXFrameworksBuildPhase;
			buildActionMask = 2147483647;
			files = (
			);
			runOnlyForDeploymentPostprocessing = 0;
		};
/* End PBXFrameworksBuildPhase section */

/* Begin PBXGroup section */
		AB1123B4237CA40C00D0B7EC = {
			isa = PBXGroup;
			children = (
				AB1123BF237CA40C00D0B7EC /* Task */,
				AB1123BE237CA40C00D0B7EC /* Products */,
			);
			sourceTree = "<group>";
		};
		AB1123BE237CA40C00D0B7EC /* Products */ = {
			isa = PBXGroup;
			children = (
				AB1123BD237CA40C00D0B7EC /* Task.app */,
			);
			name = Products;
			sourceTree = "<group>";
		};
		AB1123BF237CA40C00D0B7EC /* Task */ = {
			isa = PBXGroup;
			children = (
				AB6997C3237DED1A00229769 /* Storyboard */,
				AB1123D7237CA44800D0B7EC /* Controllers */,
				AB1123D6237CA44400D0B7EC /* Views */,
				AB1123D5237CA43F00D0B7EC /* Models */,
				AB1123D4237CA42900D0B7EC /* Resources */,
			);
			path = Task;
			sourceTree = "<group>";
		};
		AB1123D4237CA42900D0B7EC /* Resources */ = {
			isa = PBXGroup;
			children = (
				AB1123C0237CA40C00D0B7EC /* AppDelegate.swift */,
				AB1123C2237CA40C00D0B7EC /* SceneDelegate.swift */,
				AB1123C9237CA40E00D0B7EC /* Assets.xcassets */,
				AB1123CB237CA40E00D0B7EC /* LaunchScreen.storyboard */,
				AB1123CE237CA40E00D0B7EC /* Info.plist */,
				AB1123E7237CC02A00D0B7EC /* DateHelpers.swift */,
			);
			path = Resources;
			sourceTree = "<group>";
		};
		AB1123D5237CA43F00D0B7EC /* Models */ = {
			isa = PBXGroup;
			children = (
				AB1123DA237CA46500D0B7EC /* CoreDataStack.swift */,
				AB1123DC237CA48D00D0B7EC /* Task.xcdatamodeld */,
				AB1123DF237CA50800D0B7EC /* Task+Convenience.swift */,
			);
			path = Models;
			sourceTree = "<group>";
		};
		AB1123D6237CA44400D0B7EC /* Views */ = {
			isa = PBXGroup;
			children = (
				AB1123E9237CCD9500D0B7EC /* Custom Views */,
			);
			path = Views;
			sourceTree = "<group>";
		};
		AB1123D7237CA44800D0B7EC /* Controllers */ = {
			isa = PBXGroup;
			children = (
				AB1123D9237CA45300D0B7EC /* Model Controllers */,
				AB1123D8237CA44D00D0B7EC /* View Controllers */,
			);
			path = Controllers;
			sourceTree = "<group>";
		};
		AB1123D8237CA44D00D0B7EC /* View Controllers */ = {
			isa = PBXGroup;
			children = (
				AB1123E1237CA80400D0B7EC /* TaskListTableViewController.swift */,
				AB1123E3237CA81000D0B7EC /* TaskDetailTableViewController.swift */,
			);
			path = "View Controllers";
			sourceTree = "<group>";
		};
		AB1123D9237CA45300D0B7EC /* Model Controllers */ = {
			isa = PBXGroup;
			children = (
				AB1123E5237CA87800D0B7EC /* TaskController.swift */,
			);
			path = "Model Controllers";
			sourceTree = "<group>";
		};
		AB1123E9237CCD9500D0B7EC /* Custom Views */ = {
			isa = PBXGroup;
			children = (
				AB1123EA237CCDB400D0B7EC /* ButtonTableViewCell.swift */,
			);
			path = "Custom Views";
			sourceTree = "<group>";
		};
		AB6997C3237DED1A00229769 /* Storyboard */ = {
			isa = PBXGroup;
			children = (
				AB1123C6237CA40C00D0B7EC /* Main.storyboard */,
			);
			path = Storyboard;
			sourceTree = "<group>";
		};
/* End PBXGroup section */

/* Begin PBXNativeTarget section */
		AB1123BC237CA40C00D0B7EC /* Task */ = {
			isa = PBXNativeTarget;
			buildConfigurationList = AB1123D1237CA40E00D0B7EC /* Build configuration list for PBXNativeTarget "Task" */;
			buildPhases = (
				AB1123B9237CA40C00D0B7EC /* Sources */,
				AB1123BA237CA40C00D0B7EC /* Frameworks */,
				AB1123BB237CA40C00D0B7EC /* Resources */,
			);
			buildRules = (
			);
			dependencies = (
			);
			name = Task;
			productName = Task;
			productReference = AB1123BD237CA40C00D0B7EC /* Task.app */;
			productType = "com.apple.product-type.application";
		};
/* End PBXNativeTarget section */

/* Begin PBXProject section */
		AB1123B5237CA40C00D0B7EC /* Project object */ = {
			isa = PBXProject;
			attributes = {
				LastSwiftUpdateCheck = 1120;
				LastUpgradeCheck = 1120;
				ORGANIZATIONNAME = "Aaron Shackelford";
				TargetAttributes = {
					AB1123BC237CA40C00D0B7EC = {
						CreatedOnToolsVersion = 11.2.1;
					};
				};
			};
			buildConfigurationList = AB1123B8237CA40C00D0B7EC /* Build configuration list for PBXProject "Task" */;
			compatibilityVersion = "Xcode 9.3";
			developmentRegion = en;
			hasScannedForEncodings = 0;
			knownRegions = (
				en,
				Base,
			);
			mainGroup = AB1123B4237CA40C00D0B7EC;
			productRefGroup = AB1123BE237CA40C00D0B7EC /* Products */;
			projectDirPath = "";
			projectRoot = "";
			targets = (
				AB1123BC237CA40C00D0B7EC /* Task */,
			);
		};
/* End PBXProject section */

/* Begin PBXResourcesBuildPhase section */
		AB1123BB237CA40C00D0B7EC /* Resources */ = {
			isa = PBXResourcesBuildPhase;
			buildActionMask = 2147483647;
			files = (
				AB1123CD237CA40E00D0B7EC /* LaunchScreen.storyboard in Resources */,
				AB1123CA237CA40E00D0B7EC /* Assets.xcassets in Resources */,
				AB1123C8237CA40C00D0B7EC /* Main.storyboard in Resources */,
			);
			runOnlyForDeploymentPostprocessing = 0;
		};
/* End PBXResourcesBuildPhase section */

/* Begin PBXSourcesBuildPhase section */
		AB1123B9237CA40C00D0B7EC /* Sources */ = {
			isa = PBXSourcesBuildPhase;
			buildActionMask = 2147483647;
			files = (
				AB1123E2237CA80400D0B7EC /* TaskListTableViewController.swift in Sources */,
				AB1123DE237CA48D00D0B7EC /* Task.xcdatamodeld in Sources */,
				AB1123C1237CA40C00D0B7EC /* AppDelegate.swift in Sources */,
				AB1123E4237CA81000D0B7EC /* TaskDetailTableViewController.swift in Sources */,
				AB1123C3237CA40C00D0B7EC /* SceneDelegate.swift in Sources */,
				AB1123DB237CA46500D0B7EC /* CoreDataStack.swift in Sources */,
				AB1123E6237CA87800D0B7EC /* TaskController.swift in Sources */,
				AB1123EB237CCDB400D0B7EC /* ButtonTableViewCell.swift in Sources */,
				AB1123E0237CA50800D0B7EC /* Task+Convenience.swift in Sources */,
				AB1123E8237CC02A00D0B7EC /* DateHelpers.swift in Sources */,
			);
			runOnlyForDeploymentPostprocessing = 0;
		};
/* End PBXSourcesBuildPhase section */

/* Begin PBXVariantGroup section */
		AB1123C6237CA40C00D0B7EC /* Main.storyboard */ = {
			isa = PBXVariantGroup;
			children = (
				AB1123C7237CA40C00D0B7EC /* Base */,
			);
			name = Main.storyboard;
			sourceTree = "<group>";
		};
		AB1123CB237CA40E00D0B7EC /* LaunchScreen.storyboard */ = {
			isa = PBXVariantGroup;
			children = (
				AB1123CC237CA40E00D0B7EC /* Base */,
			);
			name = LaunchScreen.storyboard;
			sourceTree = "<group>";
		};
/* End PBXVariantGroup section */

/* Begin XCBuildConfiguration section */
		AB1123CF237CA40E00D0B7EC /* Debug */ = {
			isa = XCBuildConfiguration;
			buildSettings = {
				ALWAYS_SEARCH_USER_PATHS = NO;
				CLANG_ANALYZER_NONNULL = YES;
				CLANG_ANALYZER_NUMBER_OBJECT_CONVERSION = YES_AGGRESSIVE;
				CLANG_CXX_LANGUAGE_STANDARD = "gnu++14";
				CLANG_CXX_LIBRARY = "libc++";
				CLANG_ENABLE_MODULES = YES;
				CLANG_ENABLE_OBJC_ARC = YES;
				CLANG_ENABLE_OBJC_WEAK = YES;
				CLANG_WARN_BLOCK_CAPTURE_AUTORELEASING = YES;
				CLANG_WARN_BOOL_CONVERSION = YES;
				CLANG_WARN_COMMA = YES;
				CLANG_WARN_CONSTANT_CONVERSION = YES;
				CLANG_WARN_DEPRECATED_OBJC_IMPLEMENTATIONS = YES;
				CLANG_WARN_DIRECT_OBJC_ISA_USAGE = YES_ERROR;
				CLANG_WARN_DOCUMENTATION_COMMENTS = YES;
				CLANG_WARN_EMPTY_BODY = YES;
				CLANG_WARN_ENUM_CONVERSION = YES;
				CLANG_WARN_INFINITE_RECURSION = YES;
				CLANG_WARN_INT_CONVERSION = YES;
				CLANG_WARN_NON_LITERAL_NULL_CONVERSION = YES;
				CLANG_WARN_OBJC_IMPLICIT_RETAIN_SELF = YES;
				CLANG_WARN_OBJC_LITERAL_CONVERSION = YES;
				CLANG_WARN_OBJC_ROOT_CLASS = YES_ERROR;
				CLANG_WARN_RANGE_LOOP_ANALYSIS = YES;
				CLANG_WARN_STRICT_PROTOTYPES = YES;
				CLANG_WARN_SUSPICIOUS_MOVE = YES;
				CLANG_WARN_UNGUARDED_AVAILABILITY = YES_AGGRESSIVE;
				CLANG_WARN_UNREACHABLE_CODE = YES;
				CLANG_WARN__DUPLICATE_METHOD_MATCH = YES;
				COPY_PHASE_STRIP = NO;
				DEBUG_INFORMATION_FORMAT = dwarf;
				ENABLE_STRICT_OBJC_MSGSEND = YES;
				ENABLE_TESTABILITY = YES;
				GCC_C_LANGUAGE_STANDARD = gnu11;
				GCC_DYNAMIC_NO_PIC = NO;
				GCC_NO_COMMON_BLOCKS = YES;
				GCC_OPTIMIZATION_LEVEL = 0;
				GCC_PREPROCESSOR_DEFINITIONS = (
					"DEBUG=1",
					"$(inherited)",
				);
				GCC_WARN_64_TO_32_BIT_CONVERSION = YES;
				GCC_WARN_ABOUT_RETURN_TYPE = YES_ERROR;
				GCC_WARN_UNDECLARED_SELECTOR = YES;
				GCC_WARN_UNINITIALIZED_AUTOS = YES_AGGRESSIVE;
				GCC_WARN_UNUSED_FUNCTION = YES;
				GCC_WARN_UNUSED_VARIABLE = YES;
				IPHONEOS_DEPLOYMENT_TARGET = 13.2;
				MTL_ENABLE_DEBUG_INFO = INCLUDE_SOURCE;
				MTL_FAST_MATH = YES;
				ONLY_ACTIVE_ARCH = YES;
				SDKROOT = iphoneos;
				SWIFT_ACTIVE_COMPILATION_CONDITIONS = DEBUG;
				SWIFT_OPTIMIZATION_LEVEL = "-Onone";
			};
			name = Debug;
		};
		AB1123D0237CA40E00D0B7EC /* Release */ = {
			isa = XCBuildConfiguration;
			buildSettings = {
				ALWAYS_SEARCH_USER_PATHS = NO;
				CLANG_ANALYZER_NONNULL = YES;
				CLANG_ANALYZER_NUMBER_OBJECT_CONVERSION = YES_AGGRESSIVE;
				CLANG_CXX_LANGUAGE_STANDARD = "gnu++14";
				CLANG_CXX_LIBRARY = "libc++";
				CLANG_ENABLE_MODULES = YES;
				CLANG_ENABLE_OBJC_ARC = YES;
				CLANG_ENABLE_OBJC_WEAK = YES;
				CLANG_WARN_BLOCK_CAPTURE_AUTORELEASING = YES;
				CLANG_WARN_BOOL_CONVERSION = YES;
				CLANG_WARN_COMMA = YES;
				CLANG_WARN_CONSTANT_CONVERSION = YES;
				CLANG_WARN_DEPRECATED_OBJC_IMPLEMENTATIONS = YES;
				CLANG_WARN_DIRECT_OBJC_ISA_USAGE = YES_ERROR;
				CLANG_WARN_DOCUMENTATION_COMMENTS = YES;
				CLANG_WARN_EMPTY_BODY = YES;
				CLANG_WARN_ENUM_CONVERSION = YES;
				CLANG_WARN_INFINITE_RECURSION = YES;
				CLANG_WARN_INT_CONVERSION = YES;
				CLANG_WARN_NON_LITERAL_NULL_CONVERSION = YES;
				CLANG_WARN_OBJC_IMPLICIT_RETAIN_SELF = YES;
				CLANG_WARN_OBJC_LITERAL_CONVERSION = YES;
				CLANG_WARN_OBJC_ROOT_CLASS = YES_ERROR;
				CLANG_WARN_RANGE_LOOP_ANALYSIS = YES;
				CLANG_WARN_STRICT_PROTOTYPES = YES;
				CLANG_WARN_SUSPICIOUS_MOVE = YES;
				CLANG_WARN_UNGUARDED_AVAILABILITY = YES_AGGRESSIVE;
				CLANG_WARN_UNREACHABLE_CODE = YES;
				CLANG_WARN__DUPLICATE_METHOD_MATCH = YES;
				COPY_PHASE_STRIP = NO;
				DEBUG_INFORMATION_FORMAT = "dwarf-with-dsym";
				ENABLE_NS_ASSERTIONS = NO;
				ENABLE_STRICT_OBJC_MSGSEND = YES;
				GCC_C_LANGUAGE_STANDARD = gnu11;
				GCC_NO_COMMON_BLOCKS = YES;
				GCC_WARN_64_TO_32_BIT_CONVERSION = YES;
				GCC_WARN_ABOUT_RETURN_TYPE = YES_ERROR;
				GCC_WARN_UNDECLARED_SELECTOR = YES;
				GCC_WARN_UNINITIALIZED_AUTOS = YES_AGGRESSIVE;
				GCC_WARN_UNUSED_FUNCTION = YES;
				GCC_WARN_UNUSED_VARIABLE = YES;
				IPHONEOS_DEPLOYMENT_TARGET = 13.2;
				MTL_ENABLE_DEBUG_INFO = NO;
				MTL_FAST_MATH = YES;
				SDKROOT = iphoneos;
				SWIFT_COMPILATION_MODE = wholemodule;
				SWIFT_OPTIMIZATION_LEVEL = "-O";
				VALIDATE_PRODUCT = YES;
			};
			name = Release;
		};
		AB1123D2237CA40E00D0B7EC /* Debug */ = {
			isa = XCBuildConfiguration;
			buildSettings = {
				ASSETCATALOG_COMPILER_APPICON_NAME = AppIcon;
				CODE_SIGN_STYLE = Automatic;
				INFOPLIST_FILE = Task/Resources/Info.plist;
				LD_RUNPATH_SEARCH_PATHS = (
					"$(inherited)",
					"@executable_path/Frameworks",
				);
				PRODUCT_BUNDLE_IDENTIFIER = com.var7.Task;
				PRODUCT_NAME = "$(TARGET_NAME)";
				SWIFT_VERSION = 5.0;
				TARGETED_DEVICE_FAMILY = "1,2";
			};
			name = Debug;
		};
		AB1123D3237CA40E00D0B7EC /* Release */ = {
			isa = XCBuildConfiguration;
			buildSettings = {
				ASSETCATALOG_COMPILER_APPICON_NAME = AppIcon;
				CODE_SIGN_STYLE = Automatic;
				INFOPLIST_FILE = Task/Resources/Info.plist;
				LD_RUNPATH_SEARCH_PATHS = (
					"$(inherited)",
					"@executable_path/Frameworks",
				);
				PRODUCT_BUNDLE_IDENTIFIER = com.var7.Task;
				PRODUCT_NAME = "$(TARGET_NAME)";
				SWIFT_VERSION = 5.0;
				TARGETED_DEVICE_FAMILY = "1,2";
			};
			name = Release;
		};
/* End XCBuildConfiguration section */

/* Begin XCConfigurationList section */
		AB1123B8237CA40C00D0B7EC /* Build configuration list for PBXProject "Task" */ = {
			isa = XCConfigurationList;
			buildConfigurations = (
				AB1123CF237CA40E00D0B7EC /* Debug */,
				AB1123D0237CA40E00D0B7EC /* Release */,
			);
			defaultConfigurationIsVisible = 0;
			defaultConfigurationName = Release;
		};
		AB1123D1237CA40E00D0B7EC /* Build configuration list for PBXNativeTarget "Task" */ = {
			isa = XCConfigurationList;
			buildConfigurations = (
				AB1123D2237CA40E00D0B7EC /* Debug */,
				AB1123D3237CA40E00D0B7EC /* Release */,
			);
			defaultConfigurationIsVisible = 0;
			defaultConfigurationName = Release;
		};
/* End XCConfigurationList section */

/* Begin XCVersionGroup section */
		AB1123DC237CA48D00D0B7EC /* Task.xcdatamodeld */ = {
			isa = XCVersionGroup;
			children = (
				AB1123DD237CA48D00D0B7EC /* Task.xcdatamodel */,
			);
			currentVersion = AB1123DD237CA48D00D0B7EC /* Task.xcdatamodel */;
			path = Task.xcdatamodeld;
			sourceTree = "<group>";
			versionGroupType = wrapper.xcdatamodel;
		};
/* End XCVersionGroup section */
	};
	rootObject = AB1123B5237CA40C00D0B7EC /* Project object */;
}
